
Microsoft Visual Studio Solution File, Format Version 12.00
Project("{FAE04EC0-301F-11D3-BF4B-00C04F79EFBC}") = "HamiltonianPath.Core", "HamiltonianPath.Core\HamiltonianPath.Core.csproj", "{680E06AE-6142-43AE-8D36-D69AD6F2E6E7}"
EndProject
Project("{FAE04EC0-301F-11D3-BF4B-00C04F79EFBC}") = "SlidingPuzzle.Core", "SlidingPuzzle.Core\SlidingPuzzle.Core.csproj", "{CE3F1E77-2924-4F0A-B50D-E09E2553A27C}"
EndProject
Project("{FAE04EC0-301F-11D3-BF4B-00C04F79EFBC}") = "HamiltonianPath.Avalonia", "HamiltonianPath.Avalonia\HamiltonianPath.Avalonia.csproj", "{E4624201-3C78-475D-8DE1-F244A63722D2}"
EndProject
Project("{FAE04EC0-301F-11D3-BF4B-00C04F79EFBC}") = "SlidingPuzzle.Avalonia", "SlidingPuzzle.Avalonia\SlidingPuzzle.Avalonia.csproj", "{03D0D456-9B74-493C-8018-F7813613CEB9}"
EndProject
Project("{FAE04EC0-301F-11D3-BF4B-00C04F79EFBC}") = "SearchAlgorithms.UI.Shared", "SearchAlgorithms.UI.Shared\SearchAlgorithms.UI.Shared.csproj", "{6BAD8E0F-93F2-4902-9042-FED7EC104B68}"
EndProject
Project("{FAE04EC0-301F-11D3-BF4B-00C04F79EFBC}") = "Debug", "Debug\Debug.csproj", "{CE73AFF0-9B0E-4EEF-AE7E-7CE2138CEFD8}"
EndProject
Project("{FAE04EC0-301F-11D3-BF4B-00C04F79EFBC}") = "HamiltonianPath.LoadTest", "HamiltonianPath.LoadTest\HamiltonianPath.LoadTest.csproj", "{E70FC0EA-2A95-4872-AC60-B6857C28E52E}"
EndProject
Project("{FAE04EC0-301F-11D3-BF4B-00C04F79EFBC}") = "SlidingPuzzle.LoadTest", "SlidingPuzzle.LoadTest\SlidingPuzzle.LoadTest.csproj", "{9AE02D7D-3BCE-4C55-AEDC-47E2B1C2B52C}"
EndProject
Global
	GlobalSection(SolutionConfigurationPlatforms) = preSolution
		Debug|Any CPU = Debug|Any CPU
		Release|Any CPU = Release|Any CPU
	EndGlobalSection
	GlobalSection(ProjectConfigurationPlatforms) = postSolution
		{680E06AE-6142-43AE-8D36-D69AD6F2E6E7}.Debug|Any CPU.ActiveCfg = Debug|Any CPU
		{680E06AE-6142-43AE-8D36-D69AD6F2E6E7}.Debug|Any CPU.Build.0 = Debug|Any CPU
		{680E06AE-6142-43AE-8D36-D69AD6F2E6E7}.Release|Any CPU.ActiveCfg = Release|Any CPU
		{680E06AE-6142-43AE-8D36-D69AD6F2E6E7}.Release|Any CPU.Build.0 = Release|Any CPU
		{CE3F1E77-2924-4F0A-B50D-E09E2553A27C}.Debug|Any CPU.ActiveCfg = Debug|Any CPU
		{CE3F1E77-2924-4F0A-B50D-E09E2553A27C}.Debug|Any CPU.Build.0 = Debug|Any CPU
		{CE3F1E77-2924-4F0A-B50D-E09E2553A27C}.Release|Any CPU.ActiveCfg = Release|Any CPU
		{CE3F1E77-2924-4F0A-B50D-E09E2553A27C}.Release|Any CPU.Build.0 = Release|Any CPU
		{E4624201-3C78-475D-8DE1-F244A63722D2}.Debug|Any CPU.ActiveCfg = Debug|Any CPU
		{E4624201-3C78-475D-8DE1-F244A63722D2}.Debug|Any CPU.Build.0 = Debug|Any CPU
		{E4624201-3C78-475D-8DE1-F244A63722D2}.Release|Any CPU.ActiveCfg = Release|Any CPU
		{E4624201-3C78-475D-8DE1-F244A63722D2}.Release|Any CPU.Build.0 = Release|Any CPU
		{03D0D456-9B74-493C-8018-F7813613CEB9}.Debug|Any CPU.ActiveCfg = Debug|Any CPU
		{03D0D456-9B74-493C-8018-F7813613CEB9}.Debug|Any CPU.Build.0 = Debug|Any CPU
		{03D0D456-9B74-493C-8018-F7813613CEB9}.Release|Any CPU.ActiveCfg = Release|Any CPU
		{03D0D456-9B74-493C-8018-F7813613CEB9}.Release|Any CPU.Build.0 = Release|Any CPU
		{6BAD8E0F-93F2-4902-9042-FED7EC104B68}.Debug|Any CPU.ActiveCfg = Debug|Any CPU
		{6BAD8E0F-93F2-4902-9042-FED7EC104B68}.Debug|Any CPU.Build.0 = Debug|Any CPU
		{6BAD8E0F-93F2-4902-9042-FED7EC104B68}.Release|Any CPU.ActiveCfg = Release|Any CPU
		{6BAD8E0F-93F2-4902-9042-FED7EC104B68}.Release|Any CPU.Build.0 = Release|Any CPU
		{CE73AFF0-9B0E-4EEF-AE7E-7CE2138CEFD8}.Debug|Any CPU.ActiveCfg = Debug|Any CPU
		{CE73AFF0-9B0E-4EEF-AE7E-7CE2138CEFD8}.Debug|Any CPU.Build.0 = Debug|Any CPU
		{CE73AFF0-9B0E-4EEF-AE7E-7CE2138CEFD8}.Release|Any CPU.ActiveCfg = Release|Any CPU
		{CE73AFF0-9B0E-4EEF-AE7E-7CE2138CEFD8}.Release|Any CPU.Build.0 = Release|Any CPU
		{E70FC0EA-2A95-4872-AC60-B6857C28E52E}.Debug|Any CPU.ActiveCfg = Debug|Any CPU
		{E70FC0EA-2A95-4872-AC60-B6857C28E52E}.Debug|Any CPU.Build.0 = Debug|Any CPU
		{E70FC0EA-2A95-4872-AC60-B6857C28E52E}.Release|Any CPU.ActiveCfg = Release|Any CPU
		{E70FC0EA-2A95-4872-AC60-B6857C28E52E}.Release|Any CPU.Build.0 = Release|Any CPU
		{9AE02D7D-3BCE-4C55-AEDC-47E2B1C2B52C}.Debug|Any CPU.ActiveCfg = Debug|Any CPU
		{9AE02D7D-3BCE-4C55-AEDC-47E2B1C2B52C}.Debug|Any CPU.Build.0 = Debug|Any CPU
		{9AE02D7D-3BCE-4C55-AEDC-47E2B1C2B52C}.Release|Any CPU.ActiveCfg = Release|Any CPU
		{9AE02D7D-3BCE-4C55-AEDC-47E2B1C2B52C}.Release|Any CPU.Build.0 = Release|Any CPU
	EndGlobalSection
EndGlobal
