
Microsoft Visual Studio Solution File, Format Version 12.00
Project("{FAE04EC0-301F-11D3-BF4B-00C04F79EFBC}") = "GridSearch.Core", "GridSearch.Core\GridSearch.Core.csproj", "{680E06AE-6142-43AE-8D36-D69AD6F2E6E7}"
EndProject
Global
	GlobalSection(SolutionConfigurationPlatforms) = preSolution
		Debug|Any CPU = Debug|Any CPU
		Release|Any CPU = Release|Any CPU
	EndGlobalSection
	GlobalSection(ProjectConfigurationPlatforms) = postSolution
		{680E06AE-6142-43AE-8D36-D69AD6F2E6E7}.Debug|Any CPU.ActiveCfg = Debug|Any CPU
		{680E06AE-6142-43AE-8D36-D69AD6F2E6E7}.Debug|Any CPU.Build.0 = Debug|Any CPU
		{680E06AE-6142-43AE-8D36-D69AD6F2E6E7}.Release|Any CPU.ActiveCfg = Release|Any CPU
		{680E06AE-6142-43AE-8D36-D69AD6F2E6E7}.Release|Any CPU.Build.0 = Release|Any CPU
	EndGlobalSection
EndGlobal
